
Microsoft Visual Studio Solution File, Format Version 12.00
# Visual Studio Version 17
VisualStudioVersion = 17.2.32526.322
MinimumVisualStudioVersion = 10.0.40219.1
Project("{FAE04EC0-301F-11D3-BF4B-00C04F79EFBC}") = "Cowin_Portal", "Cowin_Portal\Cowin_Portal.csproj", "{1904932A-B28A-4E63-A791-97664C5A11E3}"
	ProjectSection(ProjectDependencies) = postProject
		{A1E38485-8579-4321-933C-389C4DF85412} = {A1E38485-8579-4321-933C-389C4DF85412}
	EndProjectSection
EndProject
Project("{9A19103F-16F7-4668-BE54-9A1E7A4F7556}") = "Cowin_API", "Cowin_API\Cowin_API.csproj", "{A1E38485-8579-4321-933C-389C4DF85412}"
EndProject
Global
	GlobalSection(SolutionConfigurationPlatforms) = preSolution
		Debug|Any CPU = Debug|Any CPU
		Release|Any CPU = Release|Any CPU
	EndGlobalSection
	GlobalSection(ProjectConfigurationPlatforms) = postSolution
		{1904932A-B28A-4E63-A791-97664C5A11E3}.Debug|Any CPU.ActiveCfg = Debug|Any CPU
		{1904932A-B28A-4E63-A791-97664C5A11E3}.Debug|Any CPU.Build.0 = Debug|Any CPU
		{1904932A-B28A-4E63-A791-97664C5A11E3}.Release|Any CPU.ActiveCfg = Release|Any CPU
		{1904932A-B28A-4E63-A791-97664C5A11E3}.Release|Any CPU.Build.0 = Release|Any CPU
		{A1E38485-8579-4321-933C-389C4DF85412}.Debug|Any CPU.ActiveCfg = Debug|Any CPU
		{A1E38485-8579-4321-933C-389C4DF85412}.Debug|Any CPU.Build.0 = Debug|Any CPU
		{A1E38485-8579-4321-933C-389C4DF85412}.Release|Any CPU.ActiveCfg = Release|Any CPU
		{A1E38485-8579-4321-933C-389C4DF85412}.Release|Any CPU.Build.0 = Release|Any CPU
	EndGlobalSection
	GlobalSection(SolutionProperties) = preSolution
		HideSolutionNode = FALSE
	EndGlobalSection
	GlobalSection(ExtensibilityGlobals) = postSolution
		SolutionGuid = {5EACA2CD-6B80-4118-A907-E110E04DE29F}
	EndGlobalSection
EndGlobal
